
Microsoft Visual Studio Solution File, Format Version 12.00
# Visual Studio Version 17
VisualStudioVersion = 17.5.33530.505
MinimumVisualStudioVersion = 10.0.40219.1
Project("{FAE04EC0-301F-11D3-BF4B-00C04F79EFBC}") = "wOficinaEmpleo", "wOficinaEmpleo\wOficinaEmpleo.csproj", "{7CD897E8-D902-480C-B9B3-92C22D875CFD}"
EndProject
Global
	GlobalSection(SolutionConfigurationPlatforms) = preSolution
		Debug|Any CPU = Debug|Any CPU
		Release|Any CPU = Release|Any CPU
	EndGlobalSection
	GlobalSection(ProjectConfigurationPlatforms) = postSolution
		{7CD897E8-D902-480C-B9B3-92C22D875CFD}.Debug|Any CPU.ActiveCfg = Debug|Any CPU
		{7CD897E8-D902-480C-B9B3-92C22D875CFD}.Debug|Any CPU.Build.0 = Debug|Any CPU
		{7CD897E8-D902-480C-B9B3-92C22D875CFD}.Release|Any CPU.ActiveCfg = Release|Any CPU
		{7CD897E8-D902-480C-B9B3-92C22D875CFD}.Release|Any CPU.Build.0 = Release|Any CPU
	EndGlobalSection
	GlobalSection(SolutionProperties) = preSolution
		HideSolutionNode = FALSE
	EndGlobalSection
	GlobalSection(ExtensibilityGlobals) = postSolution
		SolutionGuid = {1868374D-A43D-4FB5-935C-9DB48FE7FCEF}
	EndGlobalSection
EndGlobal
